
Microsoft Visual Studio Solution File, Format Version 12.00
# Visual Studio Version 17
VisualStudioVersion = 17.7.34024.191
MinimumVisualStudioVersion = 10.0.40219.1
Project("{FAE04EC0-301F-11D3-BF4B-00C04F79EFBC}") = "01GuineaPig", "01GuineaPig\01GuineaPig.csproj", "{B59C3B5A-DD59-4FEF-8D19-7B07A3F56226}"
EndProject
Project("{FAE04EC0-301F-11D3-BF4B-00C04F79EFBC}") = "02TheLift", "02TheLift\02TheLift.csproj", "{051AA2F6-6495-40B6-9E38-64F2C3BE8EF5}"
EndProject
Project("{FAE04EC0-301F-11D3-BF4B-00C04F79EFBC}") = "03MovingTarget", "03MovingTarget\03MovingTarget.csproj", "{52B19794-973E-4E7F-99F9-B81472B16349}"
EndProject
Global
	GlobalSection(SolutionConfigurationPlatforms) = preSolution
		Debug|Any CPU = Debug|Any CPU
		Release|Any CPU = Release|Any CPU
	EndGlobalSection
	GlobalSection(ProjectConfigurationPlatforms) = postSolution
		{B59C3B5A-DD59-4FEF-8D19-7B07A3F56226}.Debug|Any CPU.ActiveCfg = Debug|Any CPU
		{B59C3B5A-DD59-4FEF-8D19-7B07A3F56226}.Debug|Any CPU.Build.0 = Debug|Any CPU
		{B59C3B5A-DD59-4FEF-8D19-7B07A3F56226}.Release|Any CPU.ActiveCfg = Release|Any CPU
		{B59C3B5A-DD59-4FEF-8D19-7B07A3F56226}.Release|Any CPU.Build.0 = Release|Any CPU
		{051AA2F6-6495-40B6-9E38-64F2C3BE8EF5}.Debug|Any CPU.ActiveCfg = Debug|Any CPU
		{051AA2F6-6495-40B6-9E38-64F2C3BE8EF5}.Debug|Any CPU.Build.0 = Debug|Any CPU
		{051AA2F6-6495-40B6-9E38-64F2C3BE8EF5}.Release|Any CPU.ActiveCfg = Release|Any CPU
		{051AA2F6-6495-40B6-9E38-64F2C3BE8EF5}.Release|Any CPU.Build.0 = Release|Any CPU
		{52B19794-973E-4E7F-99F9-B81472B16349}.Debug|Any CPU.ActiveCfg = Debug|Any CPU
		{52B19794-973E-4E7F-99F9-B81472B16349}.Debug|Any CPU.Build.0 = Debug|Any CPU
		{52B19794-973E-4E7F-99F9-B81472B16349}.Release|Any CPU.ActiveCfg = Release|Any CPU
		{52B19794-973E-4E7F-99F9-B81472B16349}.Release|Any CPU.Build.0 = Release|Any CPU
	EndGlobalSection
	GlobalSection(SolutionProperties) = preSolution
		HideSolutionNode = FALSE
	EndGlobalSection
	GlobalSection(ExtensibilityGlobals) = postSolution
		SolutionGuid = {064142F7-0A29-4EE0-90F3-8DA7C3BE5268}
	EndGlobalSection
EndGlobal
