
Microsoft Visual Studio Solution File, Format Version 12.00
# Visual Studio Version 17
VisualStudioVersion = 17.7.34024.191
MinimumVisualStudioVersion = 10.0.40219.1
Project("{9A19103F-16F7-4668-BE54-9A1E7A4F7556}") = "01. Print Numbers in Reverse Order", "01\01. Print Numbers in Reverse Order.csproj", "{652709E1-D9E3-42D7-9197-5365D4AF1B28}"
EndProject
Project("{9A19103F-16F7-4668-BE54-9A1E7A4F7556}") = "02RoundingNumbers", "02RoundingNumbers\02RoundingNumbers.csproj", "{CDB3A1C4-6DCD-4FD5-8D6B-0D09D3AA48F4}"
EndProject
Project("{9A19103F-16F7-4668-BE54-9A1E7A4F7556}") = "03ReverseArrayOfStrings", "03ReverseArrayOfStrings\03ReverseArrayOfStrings.csproj", "{DBD6E926-1381-460E-A3FF-78C07EB685CC}"
EndProject
Project("{9A19103F-16F7-4668-BE54-9A1E7A4F7556}") = "04EqualArrays", "04EqualArrays\04EqualArrays.csproj", "{E52894B2-C1D4-4DC8-84D7-1700E469901C}"
EndProject
Project("{9A19103F-16F7-4668-BE54-9A1E7A4F7556}") = "05CondenseArrayToNumber", "05CondenseArrayToNumber\05CondenseArrayToNumber.csproj", "{7A69044B-1C26-409D-82EC-A7D977836AA0}"
EndProject
Project("{9A19103F-16F7-4668-BE54-9A1E7A4F7556}") = "06ZigZagArrays", "06ZigZagArrays\06ZigZagArrays.csproj", "{8EB13810-943E-436B-8551-10650C9BD679}"
EndProject
Project("{9A19103F-16F7-4668-BE54-9A1E7A4F7556}") = "07ArrayRotation", "07ArrayRotation\07ArrayRotation.csproj", "{610A1CFD-6C9E-4BD0-B375-A78DDF59B60D}"
EndProject
Project("{9A19103F-16F7-4668-BE54-9A1E7A4F7556}") = "08TopIntegers", "08TopIntegers\08TopIntegers.csproj", "{D3C20075-E251-47AE-85E5-2032AA7682C1}"
EndProject
Project("{9A19103F-16F7-4668-BE54-9A1E7A4F7556}") = "09EqualSUms", "EqualSUms\09EqualSUms.csproj", "{A82C9A67-B975-4ACD-A85C-938A3D7E074C}"
EndProject
Project("{9A19103F-16F7-4668-BE54-9A1E7A4F7556}") = "10MagicSum", "10MagicSum\10MagicSum.csproj", "{7B0BD5C3-4137-4557-A201-E7EB822DE553}"
EndProject
Project("{9A19103F-16F7-4668-BE54-9A1E7A4F7556}") = "12Kamino", "11Kamino\12Kamino.csproj", "{FB547502-D2FC-40D0-AC2D-4EB70A37A765}"
EndProject
Project("{9A19103F-16F7-4668-BE54-9A1E7A4F7556}") = "11MaxSequenceOfElements", "11MaxSequenceOfElements\11MaxSequenceOfElements.csproj", "{E4565092-C856-4170-839D-A6120B8AD528}"
EndProject
Project("{FAE04EC0-301F-11D3-BF4B-00C04F79EFBC}") = "13LadyBugs", "13LadyBugs\13LadyBugs.csproj", "{F7EBF4E1-7D8E-4DE7-9880-FDEF81E0A0D1}"
EndProject
Global
	GlobalSection(SolutionConfigurationPlatforms) = preSolution
		Debug|Any CPU = Debug|Any CPU
		Release|Any CPU = Release|Any CPU
	EndGlobalSection
	GlobalSection(ProjectConfigurationPlatforms) = postSolution
		{652709E1-D9E3-42D7-9197-5365D4AF1B28}.Debug|Any CPU.ActiveCfg = Debug|Any CPU
		{652709E1-D9E3-42D7-9197-5365D4AF1B28}.Debug|Any CPU.Build.0 = Debug|Any CPU
		{652709E1-D9E3-42D7-9197-5365D4AF1B28}.Release|Any CPU.ActiveCfg = Release|Any CPU
		{652709E1-D9E3-42D7-9197-5365D4AF1B28}.Release|Any CPU.Build.0 = Release|Any CPU
		{CDB3A1C4-6DCD-4FD5-8D6B-0D09D3AA48F4}.Debug|Any CPU.ActiveCfg = Debug|Any CPU
		{CDB3A1C4-6DCD-4FD5-8D6B-0D09D3AA48F4}.Debug|Any CPU.Build.0 = Debug|Any CPU
		{CDB3A1C4-6DCD-4FD5-8D6B-0D09D3AA48F4}.Release|Any CPU.ActiveCfg = Release|Any CPU
		{CDB3A1C4-6DCD-4FD5-8D6B-0D09D3AA48F4}.Release|Any CPU.Build.0 = Release|Any CPU
		{DBD6E926-1381-460E-A3FF-78C07EB685CC}.Debug|Any CPU.ActiveCfg = Debug|Any CPU
		{DBD6E926-1381-460E-A3FF-78C07EB685CC}.Debug|Any CPU.Build.0 = Debug|Any CPU
		{DBD6E926-1381-460E-A3FF-78C07EB685CC}.Release|Any CPU.ActiveCfg = Release|Any CPU
		{DBD6E926-1381-460E-A3FF-78C07EB685CC}.Release|Any CPU.Build.0 = Release|Any CPU
		{E52894B2-C1D4-4DC8-84D7-1700E469901C}.Debug|Any CPU.ActiveCfg = Debug|Any CPU
		{E52894B2-C1D4-4DC8-84D7-1700E469901C}.Debug|Any CPU.Build.0 = Debug|Any CPU
		{E52894B2-C1D4-4DC8-84D7-1700E469901C}.Release|Any CPU.ActiveCfg = Release|Any CPU
		{E52894B2-C1D4-4DC8-84D7-1700E469901C}.Release|Any CPU.Build.0 = Release|Any CPU
		{7A69044B-1C26-409D-82EC-A7D977836AA0}.Debug|Any CPU.ActiveCfg = Debug|Any CPU
		{7A69044B-1C26-409D-82EC-A7D977836AA0}.Debug|Any CPU.Build.0 = Debug|Any CPU
		{7A69044B-1C26-409D-82EC-A7D977836AA0}.Release|Any CPU.ActiveCfg = Release|Any CPU
		{7A69044B-1C26-409D-82EC-A7D977836AA0}.Release|Any CPU.Build.0 = Release|Any CPU
		{8EB13810-943E-436B-8551-10650C9BD679}.Debug|Any CPU.ActiveCfg = Debug|Any CPU
		{8EB13810-943E-436B-8551-10650C9BD679}.Debug|Any CPU.Build.0 = Debug|Any CPU
		{8EB13810-943E-436B-8551-10650C9BD679}.Release|Any CPU.ActiveCfg = Release|Any CPU
		{8EB13810-943E-436B-8551-10650C9BD679}.Release|Any CPU.Build.0 = Release|Any CPU
		{610A1CFD-6C9E-4BD0-B375-A78DDF59B60D}.Debug|Any CPU.ActiveCfg = Debug|Any CPU
		{610A1CFD-6C9E-4BD0-B375-A78DDF59B60D}.Debug|Any CPU.Build.0 = Debug|Any CPU
		{610A1CFD-6C9E-4BD0-B375-A78DDF59B60D}.Release|Any CPU.ActiveCfg = Release|Any CPU
		{610A1CFD-6C9E-4BD0-B375-A78DDF59B60D}.Release|Any CPU.Build.0 = Release|Any CPU
		{D3C20075-E251-47AE-85E5-2032AA7682C1}.Debug|Any CPU.ActiveCfg = Debug|Any CPU
		{D3C20075-E251-47AE-85E5-2032AA7682C1}.Debug|Any CPU.Build.0 = Debug|Any CPU
		{D3C20075-E251-47AE-85E5-2032AA7682C1}.Release|Any CPU.ActiveCfg = Release|Any CPU
		{D3C20075-E251-47AE-85E5-2032AA7682C1}.Release|Any CPU.Build.0 = Release|Any CPU
		{A82C9A67-B975-4ACD-A85C-938A3D7E074C}.Debug|Any CPU.ActiveCfg = Debug|Any CPU
		{A82C9A67-B975-4ACD-A85C-938A3D7E074C}.Debug|Any CPU.Build.0 = Debug|Any CPU
		{A82C9A67-B975-4ACD-A85C-938A3D7E074C}.Release|Any CPU.ActiveCfg = Release|Any CPU
		{A82C9A67-B975-4ACD-A85C-938A3D7E074C}.Release|Any CPU.Build.0 = Release|Any CPU
		{7B0BD5C3-4137-4557-A201-E7EB822DE553}.Debug|Any CPU.ActiveCfg = Debug|Any CPU
		{7B0BD5C3-4137-4557-A201-E7EB822DE553}.Debug|Any CPU.Build.0 = Debug|Any CPU
		{7B0BD5C3-4137-4557-A201-E7EB822DE553}.Release|Any CPU.ActiveCfg = Release|Any CPU
		{7B0BD5C3-4137-4557-A201-E7EB822DE553}.Release|Any CPU.Build.0 = Release|Any CPU
		{FB547502-D2FC-40D0-AC2D-4EB70A37A765}.Debug|Any CPU.ActiveCfg = Debug|Any CPU
		{FB547502-D2FC-40D0-AC2D-4EB70A37A765}.Debug|Any CPU.Build.0 = Debug|Any CPU
		{FB547502-D2FC-40D0-AC2D-4EB70A37A765}.Release|Any CPU.ActiveCfg = Release|Any CPU
		{FB547502-D2FC-40D0-AC2D-4EB70A37A765}.Release|Any CPU.Build.0 = Release|Any CPU
		{E4565092-C856-4170-839D-A6120B8AD528}.Debug|Any CPU.ActiveCfg = Debug|Any CPU
		{E4565092-C856-4170-839D-A6120B8AD528}.Debug|Any CPU.Build.0 = Debug|Any CPU
		{E4565092-C856-4170-839D-A6120B8AD528}.Release|Any CPU.ActiveCfg = Release|Any CPU
		{E4565092-C856-4170-839D-A6120B8AD528}.Release|Any CPU.Build.0 = Release|Any CPU
		{F7EBF4E1-7D8E-4DE7-9880-FDEF81E0A0D1}.Debug|Any CPU.ActiveCfg = Debug|Any CPU
		{F7EBF4E1-7D8E-4DE7-9880-FDEF81E0A0D1}.Debug|Any CPU.Build.0 = Debug|Any CPU
		{F7EBF4E1-7D8E-4DE7-9880-FDEF81E0A0D1}.Release|Any CPU.ActiveCfg = Release|Any CPU
		{F7EBF4E1-7D8E-4DE7-9880-FDEF81E0A0D1}.Release|Any CPU.Build.0 = Release|Any CPU
	EndGlobalSection
	GlobalSection(SolutionProperties) = preSolution
		HideSolutionNode = FALSE
	EndGlobalSection
	GlobalSection(ExtensibilityGlobals) = postSolution
		SolutionGuid = {7CE2BC9C-5621-4A36-BD0A-E622066FA0F7}
	EndGlobalSection
EndGlobal
