
Microsoft Visual Studio Solution File, Format Version 12.00
# Visual Studio Version 17
VisualStudioVersion = 17.7.34024.191
MinimumVisualStudioVersion = 10.0.40219.1
Project("{9A19103F-16F7-4668-BE54-9A1E7A4F7556}") = "01PrintNumbersInReverseOrder", "01\01PrintNumbersInReverseOrder.csproj", "{652709E1-D9E3-42D7-9197-5365D4AF1B28}"
EndProject
Project("{9A19103F-16F7-4668-BE54-9A1E7A4F7556}") = "02RoundingNumbers", "02RoundingNumbers\02RoundingNumbers.csproj", "{CDB3A1C4-6DCD-4FD5-8D6B-0D09D3AA48F4}"
EndProject
Project("{9A19103F-16F7-4668-BE54-9A1E7A4F7556}") = "03ReverseArrayOfStrings", "03ReverseArrayOfStrings\03ReverseArrayOfStrings.csproj", "{DBD6E926-1381-460E-A3FF-78C07EB685CC}"
EndProject
Project("{9A19103F-16F7-4668-BE54-9A1E7A4F7556}") = "04EqualArrays", "04EqualArrays\04EqualArrays.csproj", "{E52894B2-C1D4-4DC8-84D7-1700E469901C}"
EndProject
Project("{9A19103F-16F7-4668-BE54-9A1E7A4F7556}") = "05CondenseArrayToNumber", "05CondenseArrayToNumber\05CondenseArrayToNumber.csproj", "{7A69044B-1C26-409D-82EC-A7D977836AA0}"
EndProject
Project("{9A19103F-16F7-4668-BE54-9A1E7A4F7556}") = "06ZigZagArrays", "06ZigZagArrays\06ZigZagArrays.csproj", "{8EB13810-943E-436B-8551-10650C9BD679}"
EndProject
Project("{9A19103F-16F7-4668-BE54-9A1E7A4F7556}") = "07ArrayRotation", "07ArrayRotation\07ArrayRotation.csproj", "{610A1CFD-6C9E-4BD0-B375-A78DDF59B60D}"
EndProject
Project("{9A19103F-16F7-4668-BE54-9A1E7A4F7556}") = "08TopIntegers", "08TopIntegers\08TopIntegers.csproj", "{D3C20075-E251-47AE-85E5-2032AA7682C1}"
EndProject
Project("{9A19103F-16F7-4668-BE54-9A1E7A4F7556}") = "09EqualSUms", "EqualSUms\09EqualSUms.csproj", "{A82C9A67-B975-4ACD-A85C-938A3D7E074C}"
EndProject
Project("{9A19103F-16F7-4668-BE54-9A1E7A4F7556}") = "10MagicSum", "10MagicSum\10MagicSum.csproj", "{7B0BD5C3-4137-4557-A201-E7EB822DE553}"
EndProject
Project("{9A19103F-16F7-4668-BE54-9A1E7A4F7556}") = "12Kamino", "11Kamino\12Kamino.csproj", "{FB547502-D2FC-40D0-AC2D-4EB70A37A765}"
EndProject
Project("{9A19103F-16F7-4668-BE54-9A1E7A4F7556}") = "11MaxSequenceOfElements", "11MaxSequenceOfElements\11MaxSequenceOfElements.csproj", "{E4565092-C856-4170-839D-A6120B8AD528}"
EndProject
Project("{9A19103F-16F7-4668-BE54-9A1E7A4F7556}") = "13LadyBugs", "13LadyBugs\13LadyBugs.csproj", "{F7EBF4E1-7D8E-4DE7-9880-FDEF81E0A0D1}"
EndProject
Project("{9A19103F-16F7-4668-BE54-9A1E7A4F7556}") = "14_SmallestNumOfThree", "13_SmallestNumOfThree\14_SmallestNumOfThree.csproj", "{FEB583D0-A286-46FE-976B-482524DDFF4B}"
EndProject
Project("{9A19103F-16F7-4668-BE54-9A1E7A4F7556}") = "15_VowelsCount", "15_VowelsCount\15_VowelsCount.csproj", "{7DB459B6-69B4-4AA2-90AA-9A1CF090431A}"
EndProject
Project("{9A19103F-16F7-4668-BE54-9A1E7A4F7556}") = "16_CharactersinRange", "16_CharactersinRange\16_CharactersinRange.csproj", "{ACF3C436-E972-4701-B98B-892012685FC3}"
EndProject
Project("{9A19103F-16F7-4668-BE54-9A1E7A4F7556}") = "17_PasswordValidator", "17_PasswordValidator\17_PasswordValidator.csproj", "{D205ACCB-97A7-4E63-AFE5-66E94033CB25}"
EndProject
Project("{9A19103F-16F7-4668-BE54-9A1E7A4F7556}") = "Demo", "Demo\Demo.csproj", "{1092B822-D809-4BEE-9E5A-2FE0E85BBB97}"
EndProject
Project("{9A19103F-16F7-4668-BE54-9A1E7A4F7556}") = "18_AddAndSubstract", "18_AddAndSubstract\18_AddAndSubstract.csproj", "{9C8A468B-2F1B-41AF-9D43-D26C7FDD6657}"
EndProject
Project("{9A19103F-16F7-4668-BE54-9A1E7A4F7556}") = "19_MiddleCharacters", "19_MiddleCharacters\19_MiddleCharacters.csproj", "{D592502C-15CD-4192-A7A7-F2695F55AEDD}"
EndProject
Project("{9A19103F-16F7-4668-BE54-9A1E7A4F7556}") = "20_MatrixNxN", "20_MatrixNxN\20_MatrixNxN.csproj", "{C42A01AF-A6B8-4817-94B8-36F5D6675BB5}"
EndProject
Project("{FAE04EC0-301F-11D3-BF4B-00C04F79EFBC}") = "21_Palindrome", "21_Palindrom\21_Palindrome.csproj", "{DA1ED64A-4632-4D0A-BCA4-5D747217011D}"
EndProject
Project("{FAE04EC0-301F-11D3-BF4B-00C04F79EFBC}") = "22_TopNumber", "22_TopNumber\22_TopNumber.csproj", "{55E2B375-4619-465C-94B0-356A18315D09}"
EndProject
Project("{FAE04EC0-301F-11D3-BF4B-00C04F79EFBC}") = "24ArrayManipulator", "24ArrayManipulator\24ArrayManipulator.csproj", "{7F7ACB52-B9CB-4713-91F1-5C4F364C3108}"
EndProject
Global
	GlobalSection(SolutionConfigurationPlatforms) = preSolution
		Debug|Any CPU = Debug|Any CPU
		Release|Any CPU = Release|Any CPU
	EndGlobalSection
	GlobalSection(ProjectConfigurationPlatforms) = postSolution
		{652709E1-D9E3-42D7-9197-5365D4AF1B28}.Debug|Any CPU.ActiveCfg = Debug|Any CPU
		{652709E1-D9E3-42D7-9197-5365D4AF1B28}.Debug|Any CPU.Build.0 = Debug|Any CPU
		{652709E1-D9E3-42D7-9197-5365D4AF1B28}.Release|Any CPU.ActiveCfg = Release|Any CPU
		{652709E1-D9E3-42D7-9197-5365D4AF1B28}.Release|Any CPU.Build.0 = Release|Any CPU
		{CDB3A1C4-6DCD-4FD5-8D6B-0D09D3AA48F4}.Debug|Any CPU.ActiveCfg = Debug|Any CPU
		{CDB3A1C4-6DCD-4FD5-8D6B-0D09D3AA48F4}.Debug|Any CPU.Build.0 = Debug|Any CPU
		{CDB3A1C4-6DCD-4FD5-8D6B-0D09D3AA48F4}.Release|Any CPU.ActiveCfg = Release|Any CPU
		{CDB3A1C4-6DCD-4FD5-8D6B-0D09D3AA48F4}.Release|Any CPU.Build.0 = Release|Any CPU
		{DBD6E926-1381-460E-A3FF-78C07EB685CC}.Debug|Any CPU.ActiveCfg = Debug|Any CPU
		{DBD6E926-1381-460E-A3FF-78C07EB685CC}.Debug|Any CPU.Build.0 = Debug|Any CPU
		{DBD6E926-1381-460E-A3FF-78C07EB685CC}.Release|Any CPU.ActiveCfg = Release|Any CPU
		{DBD6E926-1381-460E-A3FF-78C07EB685CC}.Release|Any CPU.Build.0 = Release|Any CPU
		{E52894B2-C1D4-4DC8-84D7-1700E469901C}.Debug|Any CPU.ActiveCfg = Debug|Any CPU
		{E52894B2-C1D4-4DC8-84D7-1700E469901C}.Debug|Any CPU.Build.0 = Debug|Any CPU
		{E52894B2-C1D4-4DC8-84D7-1700E469901C}.Release|Any CPU.ActiveCfg = Release|Any CPU
		{E52894B2-C1D4-4DC8-84D7-1700E469901C}.Release|Any CPU.Build.0 = Release|Any CPU
		{7A69044B-1C26-409D-82EC-A7D977836AA0}.Debug|Any CPU.ActiveCfg = Debug|Any CPU
		{7A69044B-1C26-409D-82EC-A7D977836AA0}.Debug|Any CPU.Build.0 = Debug|Any CPU
		{7A69044B-1C26-409D-82EC-A7D977836AA0}.Release|Any CPU.ActiveCfg = Release|Any CPU
		{7A69044B-1C26-409D-82EC-A7D977836AA0}.Release|Any CPU.Build.0 = Release|Any CPU
		{8EB13810-943E-436B-8551-10650C9BD679}.Debug|Any CPU.ActiveCfg = Debug|Any CPU
		{8EB13810-943E-436B-8551-10650C9BD679}.Debug|Any CPU.Build.0 = Debug|Any CPU
		{8EB13810-943E-436B-8551-10650C9BD679}.Release|Any CPU.ActiveCfg = Release|Any CPU
		{8EB13810-943E-436B-8551-10650C9BD679}.Release|Any CPU.Build.0 = Release|Any CPU
		{610A1CFD-6C9E-4BD0-B375-A78DDF59B60D}.Debug|Any CPU.ActiveCfg = Debug|Any CPU
		{610A1CFD-6C9E-4BD0-B375-A78DDF59B60D}.Debug|Any CPU.Build.0 = Debug|Any CPU
		{610A1CFD-6C9E-4BD0-B375-A78DDF59B60D}.Release|Any CPU.ActiveCfg = Release|Any CPU
		{610A1CFD-6C9E-4BD0-B375-A78DDF59B60D}.Release|Any CPU.Build.0 = Release|Any CPU
		{D3C20075-E251-47AE-85E5-2032AA7682C1}.Debug|Any CPU.ActiveCfg = Debug|Any CPU
		{D3C20075-E251-47AE-85E5-2032AA7682C1}.Debug|Any CPU.Build.0 = Debug|Any CPU
		{D3C20075-E251-47AE-85E5-2032AA7682C1}.Release|Any CPU.ActiveCfg = Release|Any CPU
		{D3C20075-E251-47AE-85E5-2032AA7682C1}.Release|Any CPU.Build.0 = Release|Any CPU
		{A82C9A67-B975-4ACD-A85C-938A3D7E074C}.Debug|Any CPU.ActiveCfg = Debug|Any CPU
		{A82C9A67-B975-4ACD-A85C-938A3D7E074C}.Debug|Any CPU.Build.0 = Debug|Any CPU
		{A82C9A67-B975-4ACD-A85C-938A3D7E074C}.Release|Any CPU.ActiveCfg = Release|Any CPU
		{A82C9A67-B975-4ACD-A85C-938A3D7E074C}.Release|Any CPU.Build.0 = Release|Any CPU
		{7B0BD5C3-4137-4557-A201-E7EB822DE553}.Debug|Any CPU.ActiveCfg = Debug|Any CPU
		{7B0BD5C3-4137-4557-A201-E7EB822DE553}.Debug|Any CPU.Build.0 = Debug|Any CPU
		{7B0BD5C3-4137-4557-A201-E7EB822DE553}.Release|Any CPU.ActiveCfg = Release|Any CPU
		{7B0BD5C3-4137-4557-A201-E7EB822DE553}.Release|Any CPU.Build.0 = Release|Any CPU
		{FB547502-D2FC-40D0-AC2D-4EB70A37A765}.Debug|Any CPU.ActiveCfg = Debug|Any CPU
		{FB547502-D2FC-40D0-AC2D-4EB70A37A765}.Debug|Any CPU.Build.0 = Debug|Any CPU
		{FB547502-D2FC-40D0-AC2D-4EB70A37A765}.Release|Any CPU.ActiveCfg = Release|Any CPU
		{FB547502-D2FC-40D0-AC2D-4EB70A37A765}.Release|Any CPU.Build.0 = Release|Any CPU
		{E4565092-C856-4170-839D-A6120B8AD528}.Debug|Any CPU.ActiveCfg = Debug|Any CPU
		{E4565092-C856-4170-839D-A6120B8AD528}.Debug|Any CPU.Build.0 = Debug|Any CPU
		{E4565092-C856-4170-839D-A6120B8AD528}.Release|Any CPU.ActiveCfg = Release|Any CPU
		{E4565092-C856-4170-839D-A6120B8AD528}.Release|Any CPU.Build.0 = Release|Any CPU
		{F7EBF4E1-7D8E-4DE7-9880-FDEF81E0A0D1}.Debug|Any CPU.ActiveCfg = Debug|Any CPU
		{F7EBF4E1-7D8E-4DE7-9880-FDEF81E0A0D1}.Debug|Any CPU.Build.0 = Debug|Any CPU
		{F7EBF4E1-7D8E-4DE7-9880-FDEF81E0A0D1}.Release|Any CPU.ActiveCfg = Release|Any CPU
		{F7EBF4E1-7D8E-4DE7-9880-FDEF81E0A0D1}.Release|Any CPU.Build.0 = Release|Any CPU
		{FEB583D0-A286-46FE-976B-482524DDFF4B}.Debug|Any CPU.ActiveCfg = Debug|Any CPU
		{FEB583D0-A286-46FE-976B-482524DDFF4B}.Debug|Any CPU.Build.0 = Debug|Any CPU
		{FEB583D0-A286-46FE-976B-482524DDFF4B}.Release|Any CPU.ActiveCfg = Release|Any CPU
		{FEB583D0-A286-46FE-976B-482524DDFF4B}.Release|Any CPU.Build.0 = Release|Any CPU
		{7DB459B6-69B4-4AA2-90AA-9A1CF090431A}.Debug|Any CPU.ActiveCfg = Debug|Any CPU
		{7DB459B6-69B4-4AA2-90AA-9A1CF090431A}.Debug|Any CPU.Build.0 = Debug|Any CPU
		{7DB459B6-69B4-4AA2-90AA-9A1CF090431A}.Release|Any CPU.ActiveCfg = Release|Any CPU
		{7DB459B6-69B4-4AA2-90AA-9A1CF090431A}.Release|Any CPU.Build.0 = Release|Any CPU
		{ACF3C436-E972-4701-B98B-892012685FC3}.Debug|Any CPU.ActiveCfg = Debug|Any CPU
		{ACF3C436-E972-4701-B98B-892012685FC3}.Debug|Any CPU.Build.0 = Debug|Any CPU
		{ACF3C436-E972-4701-B98B-892012685FC3}.Release|Any CPU.ActiveCfg = Release|Any CPU
		{ACF3C436-E972-4701-B98B-892012685FC3}.Release|Any CPU.Build.0 = Release|Any CPU
		{D205ACCB-97A7-4E63-AFE5-66E94033CB25}.Debug|Any CPU.ActiveCfg = Debug|Any CPU
		{D205ACCB-97A7-4E63-AFE5-66E94033CB25}.Debug|Any CPU.Build.0 = Debug|Any CPU
		{D205ACCB-97A7-4E63-AFE5-66E94033CB25}.Release|Any CPU.ActiveCfg = Release|Any CPU
		{D205ACCB-97A7-4E63-AFE5-66E94033CB25}.Release|Any CPU.Build.0 = Release|Any CPU
		{1092B822-D809-4BEE-9E5A-2FE0E85BBB97}.Debug|Any CPU.ActiveCfg = Debug|Any CPU
		{1092B822-D809-4BEE-9E5A-2FE0E85BBB97}.Debug|Any CPU.Build.0 = Debug|Any CPU
		{1092B822-D809-4BEE-9E5A-2FE0E85BBB97}.Release|Any CPU.ActiveCfg = Release|Any CPU
		{1092B822-D809-4BEE-9E5A-2FE0E85BBB97}.Release|Any CPU.Build.0 = Release|Any CPU
		{9C8A468B-2F1B-41AF-9D43-D26C7FDD6657}.Debug|Any CPU.ActiveCfg = Debug|Any CPU
		{9C8A468B-2F1B-41AF-9D43-D26C7FDD6657}.Debug|Any CPU.Build.0 = Debug|Any CPU
		{9C8A468B-2F1B-41AF-9D43-D26C7FDD6657}.Release|Any CPU.ActiveCfg = Release|Any CPU
		{9C8A468B-2F1B-41AF-9D43-D26C7FDD6657}.Release|Any CPU.Build.0 = Release|Any CPU
		{D592502C-15CD-4192-A7A7-F2695F55AEDD}.Debug|Any CPU.ActiveCfg = Debug|Any CPU
		{D592502C-15CD-4192-A7A7-F2695F55AEDD}.Debug|Any CPU.Build.0 = Debug|Any CPU
		{D592502C-15CD-4192-A7A7-F2695F55AEDD}.Release|Any CPU.ActiveCfg = Release|Any CPU
		{D592502C-15CD-4192-A7A7-F2695F55AEDD}.Release|Any CPU.Build.0 = Release|Any CPU
		{C42A01AF-A6B8-4817-94B8-36F5D6675BB5}.Debug|Any CPU.ActiveCfg = Debug|Any CPU
		{C42A01AF-A6B8-4817-94B8-36F5D6675BB5}.Debug|Any CPU.Build.0 = Debug|Any CPU
		{C42A01AF-A6B8-4817-94B8-36F5D6675BB5}.Release|Any CPU.ActiveCfg = Release|Any CPU
		{C42A01AF-A6B8-4817-94B8-36F5D6675BB5}.Release|Any CPU.Build.0 = Release|Any CPU
		{DA1ED64A-4632-4D0A-BCA4-5D747217011D}.Debug|Any CPU.ActiveCfg = Debug|Any CPU
		{DA1ED64A-4632-4D0A-BCA4-5D747217011D}.Debug|Any CPU.Build.0 = Debug|Any CPU
		{DA1ED64A-4632-4D0A-BCA4-5D747217011D}.Release|Any CPU.ActiveCfg = Release|Any CPU
		{DA1ED64A-4632-4D0A-BCA4-5D747217011D}.Release|Any CPU.Build.0 = Release|Any CPU
		{55E2B375-4619-465C-94B0-356A18315D09}.Debug|Any CPU.ActiveCfg = Debug|Any CPU
		{55E2B375-4619-465C-94B0-356A18315D09}.Debug|Any CPU.Build.0 = Debug|Any CPU
		{55E2B375-4619-465C-94B0-356A18315D09}.Release|Any CPU.ActiveCfg = Release|Any CPU
		{55E2B375-4619-465C-94B0-356A18315D09}.Release|Any CPU.Build.0 = Release|Any CPU
		{7F7ACB52-B9CB-4713-91F1-5C4F364C3108}.Debug|Any CPU.ActiveCfg = Debug|Any CPU
		{7F7ACB52-B9CB-4713-91F1-5C4F364C3108}.Debug|Any CPU.Build.0 = Debug|Any CPU
		{7F7ACB52-B9CB-4713-91F1-5C4F364C3108}.Release|Any CPU.ActiveCfg = Release|Any CPU
		{7F7ACB52-B9CB-4713-91F1-5C4F364C3108}.Release|Any CPU.Build.0 = Release|Any CPU
	EndGlobalSection
	GlobalSection(SolutionProperties) = preSolution
		HideSolutionNode = FALSE
	EndGlobalSection
	GlobalSection(ExtensibilityGlobals) = postSolution
		SolutionGuid = {7CE2BC9C-5621-4A36-BD0A-E622066FA0F7}
	EndGlobalSection
EndGlobal
