
Microsoft Visual Studio Solution File, Format Version 12.00
# Visual Studio Version 17
VisualStudioVersion = 17.7.34024.191
MinimumVisualStudioVersion = 10.0.40219.1
Project("{FAE04EC0-301F-11D3-BF4B-00C04F79EFBC}") = "01_Advertisement Message", "ConsoleApp1\01_Advertisement Message.csproj", "{3863AFC4-DCE8-4E35-8912-AF0C1CBCC64D}"
EndProject
Project("{FAE04EC0-301F-11D3-BF4B-00C04F79EFBC}") = "Demo", "Demo\Demo.csproj", "{CD04BA8A-0398-4064-8315-DEEF11C50D81}"
EndProject
Global
	GlobalSection(SolutionConfigurationPlatforms) = preSolution
		Debug|Any CPU = Debug|Any CPU
		Release|Any CPU = Release|Any CPU
	EndGlobalSection
	GlobalSection(ProjectConfigurationPlatforms) = postSolution
		{3863AFC4-DCE8-4E35-8912-AF0C1CBCC64D}.Debug|Any CPU.ActiveCfg = Debug|Any CPU
		{3863AFC4-DCE8-4E35-8912-AF0C1CBCC64D}.Debug|Any CPU.Build.0 = Debug|Any CPU
		{3863AFC4-DCE8-4E35-8912-AF0C1CBCC64D}.Release|Any CPU.ActiveCfg = Release|Any CPU
		{3863AFC4-DCE8-4E35-8912-AF0C1CBCC64D}.Release|Any CPU.Build.0 = Release|Any CPU
		{CD04BA8A-0398-4064-8315-DEEF11C50D81}.Debug|Any CPU.ActiveCfg = Debug|Any CPU
		{CD04BA8A-0398-4064-8315-DEEF11C50D81}.Debug|Any CPU.Build.0 = Debug|Any CPU
		{CD04BA8A-0398-4064-8315-DEEF11C50D81}.Release|Any CPU.ActiveCfg = Release|Any CPU
		{CD04BA8A-0398-4064-8315-DEEF11C50D81}.Release|Any CPU.Build.0 = Release|Any CPU
	EndGlobalSection
	GlobalSection(SolutionProperties) = preSolution
		HideSolutionNode = FALSE
	EndGlobalSection
	GlobalSection(ExtensibilityGlobals) = postSolution
		SolutionGuid = {D8715C71-C9D8-4C44-8214-5FF9DB514BAC}
	EndGlobalSection
EndGlobal
