
Microsoft Visual Studio Solution File, Format Version 12.00
# Visual Studio Version 17
VisualStudioVersion = 17.7.34024.191
MinimumVisualStudioVersion = 10.0.40219.1
Project("{9A19103F-16F7-4668-BE54-9A1E7A4F7556}") = "02SumDigits", "02SumDigits\02SumDigits.csproj", "{398FAC43-76B8-433D-A1DB-E09164FDCD8A}"
EndProject
Project("{9A19103F-16F7-4668-BE54-9A1E7A4F7556}") = "03Elevator", "03Elevator\03Elevator.csproj", "{24BAEC88-F4A6-4B6B-8A09-0FB6503DB164}"
EndProject
Project("{9A19103F-16F7-4668-BE54-9A1E7A4F7556}") = "04SumOfChars", "04SumOfChars\04SumOfChars.csproj", "{0C956A04-694F-45A4-8FA9-6BA04FD68FF1}"
EndProject
Project("{9A19103F-16F7-4668-BE54-9A1E7A4F7556}") = "05PrintPartOfASCIITable", "05PrintPartOfASCIITable\05PrintPartOfASCIITable.csproj", "{CEAB2A21-2B07-452C-BBD7-402B762F3057}"
EndProject
Project("{9A19103F-16F7-4668-BE54-9A1E7A4F7556}") = "06TriplesOfLatinLetters", "06TriplesOfLatinLetters\06TriplesOfLatinLetters.csproj", "{250B3F74-83D4-49C7-A7F6-078545985D9C}"
EndProject
Project("{9A19103F-16F7-4668-BE54-9A1E7A4F7556}") = "07WaterOverflow", "07WaterOverflow\07WaterOverflow.csproj", "{B22DE525-E1BF-453E-A1C8-C936583A8609}"
EndProject
Project("{9A19103F-16F7-4668-BE54-9A1E7A4F7556}") = "08BeerKegs", "08BeerKegs\08BeerKegs.csproj", "{842BB9E5-4CE9-4054-B366-E76D680C6D03}"
EndProject
Project("{9A19103F-16F7-4668-BE54-9A1E7A4F7556}") = "09SpiceMustFlow", "09SpiceMustFlow\09SpiceMustFlow.csproj", "{6C656912-3476-4FC8-BDD6-5B3161715884}"
EndProject
Project("{9A19103F-16F7-4668-BE54-9A1E7A4F7556}") = "10PokeMon", "10PokeMon\10PokeMon.csproj", "{138C10F9-D893-4B64-A3C3-1B99174AB8F2}"
EndProject
Project("{9A19103F-16F7-4668-BE54-9A1E7A4F7556}") = "11Snowballs", "11Snowballs\11Snowballs.csproj", "{57858360-41E4-46F5-9CAF-FD64764D1E82}"
EndProject
Global
	GlobalSection(SolutionConfigurationPlatforms) = preSolution
		Debug|Any CPU = Debug|Any CPU
		Release|Any CPU = Release|Any CPU
	EndGlobalSection
	GlobalSection(ProjectConfigurationPlatforms) = postSolution
		{398FAC43-76B8-433D-A1DB-E09164FDCD8A}.Debug|Any CPU.ActiveCfg = Debug|Any CPU
		{398FAC43-76B8-433D-A1DB-E09164FDCD8A}.Debug|Any CPU.Build.0 = Debug|Any CPU
		{398FAC43-76B8-433D-A1DB-E09164FDCD8A}.Release|Any CPU.ActiveCfg = Release|Any CPU
		{398FAC43-76B8-433D-A1DB-E09164FDCD8A}.Release|Any CPU.Build.0 = Release|Any CPU
		{24BAEC88-F4A6-4B6B-8A09-0FB6503DB164}.Debug|Any CPU.ActiveCfg = Debug|Any CPU
		{24BAEC88-F4A6-4B6B-8A09-0FB6503DB164}.Debug|Any CPU.Build.0 = Debug|Any CPU
		{24BAEC88-F4A6-4B6B-8A09-0FB6503DB164}.Release|Any CPU.ActiveCfg = Release|Any CPU
		{24BAEC88-F4A6-4B6B-8A09-0FB6503DB164}.Release|Any CPU.Build.0 = Release|Any CPU
		{0C956A04-694F-45A4-8FA9-6BA04FD68FF1}.Debug|Any CPU.ActiveCfg = Debug|Any CPU
		{0C956A04-694F-45A4-8FA9-6BA04FD68FF1}.Debug|Any CPU.Build.0 = Debug|Any CPU
		{0C956A04-694F-45A4-8FA9-6BA04FD68FF1}.Release|Any CPU.ActiveCfg = Release|Any CPU
		{0C956A04-694F-45A4-8FA9-6BA04FD68FF1}.Release|Any CPU.Build.0 = Release|Any CPU
		{CEAB2A21-2B07-452C-BBD7-402B762F3057}.Debug|Any CPU.ActiveCfg = Debug|Any CPU
		{CEAB2A21-2B07-452C-BBD7-402B762F3057}.Debug|Any CPU.Build.0 = Debug|Any CPU
		{CEAB2A21-2B07-452C-BBD7-402B762F3057}.Release|Any CPU.ActiveCfg = Release|Any CPU
		{CEAB2A21-2B07-452C-BBD7-402B762F3057}.Release|Any CPU.Build.0 = Release|Any CPU
		{250B3F74-83D4-49C7-A7F6-078545985D9C}.Debug|Any CPU.ActiveCfg = Debug|Any CPU
		{250B3F74-83D4-49C7-A7F6-078545985D9C}.Debug|Any CPU.Build.0 = Debug|Any CPU
		{250B3F74-83D4-49C7-A7F6-078545985D9C}.Release|Any CPU.ActiveCfg = Release|Any CPU
		{250B3F74-83D4-49C7-A7F6-078545985D9C}.Release|Any CPU.Build.0 = Release|Any CPU
		{B22DE525-E1BF-453E-A1C8-C936583A8609}.Debug|Any CPU.ActiveCfg = Debug|Any CPU
		{B22DE525-E1BF-453E-A1C8-C936583A8609}.Debug|Any CPU.Build.0 = Debug|Any CPU
		{B22DE525-E1BF-453E-A1C8-C936583A8609}.Release|Any CPU.ActiveCfg = Release|Any CPU
		{B22DE525-E1BF-453E-A1C8-C936583A8609}.Release|Any CPU.Build.0 = Release|Any CPU
		{842BB9E5-4CE9-4054-B366-E76D680C6D03}.Debug|Any CPU.ActiveCfg = Debug|Any CPU
		{842BB9E5-4CE9-4054-B366-E76D680C6D03}.Debug|Any CPU.Build.0 = Debug|Any CPU
		{842BB9E5-4CE9-4054-B366-E76D680C6D03}.Release|Any CPU.ActiveCfg = Release|Any CPU
		{842BB9E5-4CE9-4054-B366-E76D680C6D03}.Release|Any CPU.Build.0 = Release|Any CPU
		{6C656912-3476-4FC8-BDD6-5B3161715884}.Debug|Any CPU.ActiveCfg = Debug|Any CPU
		{6C656912-3476-4FC8-BDD6-5B3161715884}.Debug|Any CPU.Build.0 = Debug|Any CPU
		{6C656912-3476-4FC8-BDD6-5B3161715884}.Release|Any CPU.ActiveCfg = Release|Any CPU
		{6C656912-3476-4FC8-BDD6-5B3161715884}.Release|Any CPU.Build.0 = Release|Any CPU
		{138C10F9-D893-4B64-A3C3-1B99174AB8F2}.Debug|Any CPU.ActiveCfg = Debug|Any CPU
		{138C10F9-D893-4B64-A3C3-1B99174AB8F2}.Debug|Any CPU.Build.0 = Debug|Any CPU
		{138C10F9-D893-4B64-A3C3-1B99174AB8F2}.Release|Any CPU.ActiveCfg = Release|Any CPU
		{138C10F9-D893-4B64-A3C3-1B99174AB8F2}.Release|Any CPU.Build.0 = Release|Any CPU
		{57858360-41E4-46F5-9CAF-FD64764D1E82}.Debug|Any CPU.ActiveCfg = Debug|Any CPU
		{57858360-41E4-46F5-9CAF-FD64764D1E82}.Debug|Any CPU.Build.0 = Debug|Any CPU
		{57858360-41E4-46F5-9CAF-FD64764D1E82}.Release|Any CPU.ActiveCfg = Release|Any CPU
		{57858360-41E4-46F5-9CAF-FD64764D1E82}.Release|Any CPU.Build.0 = Release|Any CPU
	EndGlobalSection
	GlobalSection(SolutionProperties) = preSolution
		HideSolutionNode = FALSE
	EndGlobalSection
	GlobalSection(ExtensibilityGlobals) = postSolution
		SolutionGuid = {FCC9C966-4F54-42EA-A630-1804358F30B6}
	EndGlobalSection
EndGlobal
