
Microsoft Visual Studio Solution File, Format Version 12.00
# Visual Studio Version 17
VisualStudioVersion = 17.7.34024.191
MinimumVisualStudioVersion = 10.0.40219.1
Project("{9A19103F-16F7-4668-BE54-9A1E7A4F7556}") = "01Clock", "01Clock\01Clock.csproj", "{7BCE303B-2667-44D4-A8DD-8337941A11A6}"
EndProject
Project("{9A19103F-16F7-4668-BE54-9A1E7A4F7556}") = "02MultiplicationTable", "02MultiplicationTable\02MultiplicationTable.csproj", "{F928C36D-64EC-4390-9DF1-762D6FC10D10}"
EndProject
Project("{9A19103F-16F7-4668-BE54-9A1E7A4F7556}") = "03Combinations", "03Combinations\03Combinations.csproj", "{B2331D9F-7E46-48BC-A70B-3FC0C3894543}"
EndProject
Project("{9A19103F-16F7-4668-BE54-9A1E7A4F7556}") = "04SumofTwoNumbers", "04SumofTwoNumbers\04SumofTwoNumbers.csproj", "{A5B270D2-65D3-4AB4-8C16-87843A14F8B2}"
EndProject
Project("{9A19103F-16F7-4668-BE54-9A1E7A4F7556}") = "05Travelling", "05Travelling\05Travelling.csproj", "{62C48648-C1F9-4B65-8F95-285AAD00F750}"
EndProject
Project("{FAE04EC0-301F-11D3-BF4B-00C04F79EFBC}") = "EXERCISE", "01Clock EXERCISE\EXERCISE.csproj", "{B829A4B7-94A5-45BD-AEE2-77F2F43622BB}"
EndProject
Project("{FAE04EC0-301F-11D3-BF4B-00C04F79EFBC}") = "06Building", "06Building\06Building.csproj", "{CB8575BB-1C17-427B-A16D-51C02E113932}"
EndProject
Global
	GlobalSection(SolutionConfigurationPlatforms) = preSolution
		Debug|Any CPU = Debug|Any CPU
		Release|Any CPU = Release|Any CPU
	EndGlobalSection
	GlobalSection(ProjectConfigurationPlatforms) = postSolution
		{7BCE303B-2667-44D4-A8DD-8337941A11A6}.Debug|Any CPU.ActiveCfg = Debug|Any CPU
		{7BCE303B-2667-44D4-A8DD-8337941A11A6}.Debug|Any CPU.Build.0 = Debug|Any CPU
		{7BCE303B-2667-44D4-A8DD-8337941A11A6}.Release|Any CPU.ActiveCfg = Release|Any CPU
		{7BCE303B-2667-44D4-A8DD-8337941A11A6}.Release|Any CPU.Build.0 = Release|Any CPU
		{F928C36D-64EC-4390-9DF1-762D6FC10D10}.Debug|Any CPU.ActiveCfg = Debug|Any CPU
		{F928C36D-64EC-4390-9DF1-762D6FC10D10}.Debug|Any CPU.Build.0 = Debug|Any CPU
		{F928C36D-64EC-4390-9DF1-762D6FC10D10}.Release|Any CPU.ActiveCfg = Release|Any CPU
		{F928C36D-64EC-4390-9DF1-762D6FC10D10}.Release|Any CPU.Build.0 = Release|Any CPU
		{B2331D9F-7E46-48BC-A70B-3FC0C3894543}.Debug|Any CPU.ActiveCfg = Debug|Any CPU
		{B2331D9F-7E46-48BC-A70B-3FC0C3894543}.Debug|Any CPU.Build.0 = Debug|Any CPU
		{B2331D9F-7E46-48BC-A70B-3FC0C3894543}.Release|Any CPU.ActiveCfg = Release|Any CPU
		{B2331D9F-7E46-48BC-A70B-3FC0C3894543}.Release|Any CPU.Build.0 = Release|Any CPU
		{A5B270D2-65D3-4AB4-8C16-87843A14F8B2}.Debug|Any CPU.ActiveCfg = Debug|Any CPU
		{A5B270D2-65D3-4AB4-8C16-87843A14F8B2}.Debug|Any CPU.Build.0 = Debug|Any CPU
		{A5B270D2-65D3-4AB4-8C16-87843A14F8B2}.Release|Any CPU.ActiveCfg = Release|Any CPU
		{A5B270D2-65D3-4AB4-8C16-87843A14F8B2}.Release|Any CPU.Build.0 = Release|Any CPU
		{62C48648-C1F9-4B65-8F95-285AAD00F750}.Debug|Any CPU.ActiveCfg = Debug|Any CPU
		{62C48648-C1F9-4B65-8F95-285AAD00F750}.Debug|Any CPU.Build.0 = Debug|Any CPU
		{62C48648-C1F9-4B65-8F95-285AAD00F750}.Release|Any CPU.ActiveCfg = Release|Any CPU
		{62C48648-C1F9-4B65-8F95-285AAD00F750}.Release|Any CPU.Build.0 = Release|Any CPU
		{B829A4B7-94A5-45BD-AEE2-77F2F43622BB}.Debug|Any CPU.ActiveCfg = Debug|Any CPU
		{B829A4B7-94A5-45BD-AEE2-77F2F43622BB}.Debug|Any CPU.Build.0 = Debug|Any CPU
		{B829A4B7-94A5-45BD-AEE2-77F2F43622BB}.Release|Any CPU.ActiveCfg = Release|Any CPU
		{B829A4B7-94A5-45BD-AEE2-77F2F43622BB}.Release|Any CPU.Build.0 = Release|Any CPU
		{CB8575BB-1C17-427B-A16D-51C02E113932}.Debug|Any CPU.ActiveCfg = Debug|Any CPU
		{CB8575BB-1C17-427B-A16D-51C02E113932}.Debug|Any CPU.Build.0 = Debug|Any CPU
		{CB8575BB-1C17-427B-A16D-51C02E113932}.Release|Any CPU.ActiveCfg = Release|Any CPU
		{CB8575BB-1C17-427B-A16D-51C02E113932}.Release|Any CPU.Build.0 = Release|Any CPU
	EndGlobalSection
	GlobalSection(SolutionProperties) = preSolution
		HideSolutionNode = FALSE
	EndGlobalSection
	GlobalSection(ExtensibilityGlobals) = postSolution
		SolutionGuid = {B52AEC00-58FD-452D-BA74-0253B08A40DF}
	EndGlobalSection
EndGlobal
