
Microsoft Visual Studio Solution File, Format Version 12.00
# Visual Studio Version 17
VisualStudioVersion = 17.7.34024.191
MinimumVisualStudioVersion = 10.0.40219.1
Project("{9A19103F-16F7-4668-BE54-9A1E7A4F7556}") = "01DaysOfWeek", "01DaysOfWeek\01DaysOfWeek.csproj", "{52AEB2E0-A2A2-4210-B704-B287110CEA71}"
EndProject
Project("{9A19103F-16F7-4668-BE54-9A1E7A4F7556}") = "02PrintNumbersInReverseOrder", "02PrintNumbersInReverseOrder\02PrintNumbersInReverseOrder.csproj", "{E1DB45F4-F60B-46B5-9CA1-EC04B34E7A8E}"
EndProject
Project("{9A19103F-16F7-4668-BE54-9A1E7A4F7556}") = "03RoundingNumbers", "03RoundingNumbers\03RoundingNumbers.csproj", "{75BE7226-D6DA-4F8C-A5FA-C1051DFCB09D}"
EndProject
Project("{9A19103F-16F7-4668-BE54-9A1E7A4F7556}") = "08CondencedNumber", "Demo\08CondencedNumber.csproj", "{2F8ED706-D885-4D3D-B7D2-4C068B426C13}"
EndProject
Project("{9A19103F-16F7-4668-BE54-9A1E7A4F7556}") = "04ReverseArrayOfStrings", "04ReverseArrayOfStrings\04ReverseArrayOfStrings.csproj", "{1E334046-AC40-40D0-83CB-B13D6853CAA1}"
EndProject
Project("{9A19103F-16F7-4668-BE54-9A1E7A4F7556}") = "05SumEvenNumbers", "05SumEvenNumbers\05SumEvenNumbers.csproj", "{A1F7CFD2-D642-48EE-A569-C352CD9D92B3}"
EndProject
Project("{9A19103F-16F7-4668-BE54-9A1E7A4F7556}") = "06EvenAndOddSubtraction", "06EvenAndOddSubtraction\06EvenAndOddSubtraction.csproj", "{AF89023C-0B8B-4B0A-B481-E8D888BFB58C}"
EndProject
Project("{9A19103F-16F7-4668-BE54-9A1E7A4F7556}") = "07EqualArrays", "07EqualArrays\07EqualArrays.csproj", "{DB081BD3-4FF0-4136-B5F5-B39A869C8435}"
EndProject
Project("{FAE04EC0-301F-11D3-BF4B-00C04F79EFBC}") = "08CondensedNumberSecondSOlution", "08CondensedNumberSecondSOlution\08CondensedNumberSecondSOlution.csproj", "{A1D74D7F-4EBC-4D54-B204-E6A0F340E91B}"
EndProject
Global
	GlobalSection(SolutionConfigurationPlatforms) = preSolution
		Debug|Any CPU = Debug|Any CPU
		Release|Any CPU = Release|Any CPU
	EndGlobalSection
	GlobalSection(ProjectConfigurationPlatforms) = postSolution
		{52AEB2E0-A2A2-4210-B704-B287110CEA71}.Debug|Any CPU.ActiveCfg = Debug|Any CPU
		{52AEB2E0-A2A2-4210-B704-B287110CEA71}.Debug|Any CPU.Build.0 = Debug|Any CPU
		{52AEB2E0-A2A2-4210-B704-B287110CEA71}.Release|Any CPU.ActiveCfg = Release|Any CPU
		{52AEB2E0-A2A2-4210-B704-B287110CEA71}.Release|Any CPU.Build.0 = Release|Any CPU
		{E1DB45F4-F60B-46B5-9CA1-EC04B34E7A8E}.Debug|Any CPU.ActiveCfg = Debug|Any CPU
		{E1DB45F4-F60B-46B5-9CA1-EC04B34E7A8E}.Debug|Any CPU.Build.0 = Debug|Any CPU
		{E1DB45F4-F60B-46B5-9CA1-EC04B34E7A8E}.Release|Any CPU.ActiveCfg = Release|Any CPU
		{E1DB45F4-F60B-46B5-9CA1-EC04B34E7A8E}.Release|Any CPU.Build.0 = Release|Any CPU
		{75BE7226-D6DA-4F8C-A5FA-C1051DFCB09D}.Debug|Any CPU.ActiveCfg = Debug|Any CPU
		{75BE7226-D6DA-4F8C-A5FA-C1051DFCB09D}.Debug|Any CPU.Build.0 = Debug|Any CPU
		{75BE7226-D6DA-4F8C-A5FA-C1051DFCB09D}.Release|Any CPU.ActiveCfg = Release|Any CPU
		{75BE7226-D6DA-4F8C-A5FA-C1051DFCB09D}.Release|Any CPU.Build.0 = Release|Any CPU
		{2F8ED706-D885-4D3D-B7D2-4C068B426C13}.Debug|Any CPU.ActiveCfg = Debug|Any CPU
		{2F8ED706-D885-4D3D-B7D2-4C068B426C13}.Debug|Any CPU.Build.0 = Debug|Any CPU
		{2F8ED706-D885-4D3D-B7D2-4C068B426C13}.Release|Any CPU.ActiveCfg = Release|Any CPU
		{2F8ED706-D885-4D3D-B7D2-4C068B426C13}.Release|Any CPU.Build.0 = Release|Any CPU
		{1E334046-AC40-40D0-83CB-B13D6853CAA1}.Debug|Any CPU.ActiveCfg = Debug|Any CPU
		{1E334046-AC40-40D0-83CB-B13D6853CAA1}.Debug|Any CPU.Build.0 = Debug|Any CPU
		{1E334046-AC40-40D0-83CB-B13D6853CAA1}.Release|Any CPU.ActiveCfg = Release|Any CPU
		{1E334046-AC40-40D0-83CB-B13D6853CAA1}.Release|Any CPU.Build.0 = Release|Any CPU
		{A1F7CFD2-D642-48EE-A569-C352CD9D92B3}.Debug|Any CPU.ActiveCfg = Debug|Any CPU
		{A1F7CFD2-D642-48EE-A569-C352CD9D92B3}.Debug|Any CPU.Build.0 = Debug|Any CPU
		{A1F7CFD2-D642-48EE-A569-C352CD9D92B3}.Release|Any CPU.ActiveCfg = Release|Any CPU
		{A1F7CFD2-D642-48EE-A569-C352CD9D92B3}.Release|Any CPU.Build.0 = Release|Any CPU
		{AF89023C-0B8B-4B0A-B481-E8D888BFB58C}.Debug|Any CPU.ActiveCfg = Debug|Any CPU
		{AF89023C-0B8B-4B0A-B481-E8D888BFB58C}.Debug|Any CPU.Build.0 = Debug|Any CPU
		{AF89023C-0B8B-4B0A-B481-E8D888BFB58C}.Release|Any CPU.ActiveCfg = Release|Any CPU
		{AF89023C-0B8B-4B0A-B481-E8D888BFB58C}.Release|Any CPU.Build.0 = Release|Any CPU
		{DB081BD3-4FF0-4136-B5F5-B39A869C8435}.Debug|Any CPU.ActiveCfg = Debug|Any CPU
		{DB081BD3-4FF0-4136-B5F5-B39A869C8435}.Debug|Any CPU.Build.0 = Debug|Any CPU
		{DB081BD3-4FF0-4136-B5F5-B39A869C8435}.Release|Any CPU.ActiveCfg = Release|Any CPU
		{DB081BD3-4FF0-4136-B5F5-B39A869C8435}.Release|Any CPU.Build.0 = Release|Any CPU
		{A1D74D7F-4EBC-4D54-B204-E6A0F340E91B}.Debug|Any CPU.ActiveCfg = Debug|Any CPU
		{A1D74D7F-4EBC-4D54-B204-E6A0F340E91B}.Debug|Any CPU.Build.0 = Debug|Any CPU
		{A1D74D7F-4EBC-4D54-B204-E6A0F340E91B}.Release|Any CPU.ActiveCfg = Release|Any CPU
		{A1D74D7F-4EBC-4D54-B204-E6A0F340E91B}.Release|Any CPU.Build.0 = Release|Any CPU
	EndGlobalSection
	GlobalSection(SolutionProperties) = preSolution
		HideSolutionNode = FALSE
	EndGlobalSection
	GlobalSection(ExtensibilityGlobals) = postSolution
		SolutionGuid = {2C63ED07-D668-4C20-BECD-095A71BF0387}
	EndGlobalSection
EndGlobal
