
Microsoft Visual Studio Solution File, Format Version 12.00
# Visual Studio Version 17
VisualStudioVersion = 17.7.34024.191
MinimumVisualStudioVersion = 10.0.40219.1
Project("{9A19103F-16F7-4668-BE54-9A1E7A4F7556}") = "01CrookedDigits", "01CrookedDigits\01CrookedDigits.csproj", "{F02E4CD2-77CE-49A4-A720-98AEF6AC5CA9}"
EndProject
Project("{9A19103F-16F7-4668-BE54-9A1E7A4F7556}") = "Demo", "Demo\Demo.csproj", "{0B930130-FFD0-40B8-9B2B-0917432E93BB}"
EndProject
Project("{9A19103F-16F7-4668-BE54-9A1E7A4F7556}") = "02PrimeTriangle", "02PrimeTriangle\02PrimeTriangle.csproj", "{73CD3047-C8AB-4237-A03C-620D8F619B56}"
EndProject
Project("{FAE04EC0-301F-11D3-BF4B-00C04F79EFBC}") = "Demo2", "Demo2\Demo2.csproj", "{5441574E-BACC-49C2-8401-6CEC768DEBA7}"
EndProject
Project("{FAE04EC0-301F-11D3-BF4B-00C04F79EFBC}") = "03BalancedNumber", "03BalancedNumber\03BalancedNumber.csproj", "{69308E1B-303E-41B7-AB82-750A83D3BBCF}"
EndProject
Global
	GlobalSection(SolutionConfigurationPlatforms) = preSolution
		Debug|Any CPU = Debug|Any CPU
		Release|Any CPU = Release|Any CPU
	EndGlobalSection
	GlobalSection(ProjectConfigurationPlatforms) = postSolution
		{F02E4CD2-77CE-49A4-A720-98AEF6AC5CA9}.Debug|Any CPU.ActiveCfg = Debug|Any CPU
		{F02E4CD2-77CE-49A4-A720-98AEF6AC5CA9}.Debug|Any CPU.Build.0 = Debug|Any CPU
		{F02E4CD2-77CE-49A4-A720-98AEF6AC5CA9}.Release|Any CPU.ActiveCfg = Release|Any CPU
		{F02E4CD2-77CE-49A4-A720-98AEF6AC5CA9}.Release|Any CPU.Build.0 = Release|Any CPU
		{0B930130-FFD0-40B8-9B2B-0917432E93BB}.Debug|Any CPU.ActiveCfg = Debug|Any CPU
		{0B930130-FFD0-40B8-9B2B-0917432E93BB}.Debug|Any CPU.Build.0 = Debug|Any CPU
		{0B930130-FFD0-40B8-9B2B-0917432E93BB}.Release|Any CPU.ActiveCfg = Release|Any CPU
		{0B930130-FFD0-40B8-9B2B-0917432E93BB}.Release|Any CPU.Build.0 = Release|Any CPU
		{73CD3047-C8AB-4237-A03C-620D8F619B56}.Debug|Any CPU.ActiveCfg = Debug|Any CPU
		{73CD3047-C8AB-4237-A03C-620D8F619B56}.Debug|Any CPU.Build.0 = Debug|Any CPU
		{73CD3047-C8AB-4237-A03C-620D8F619B56}.Release|Any CPU.ActiveCfg = Release|Any CPU
		{73CD3047-C8AB-4237-A03C-620D8F619B56}.Release|Any CPU.Build.0 = Release|Any CPU
		{5441574E-BACC-49C2-8401-6CEC768DEBA7}.Debug|Any CPU.ActiveCfg = Debug|Any CPU
		{5441574E-BACC-49C2-8401-6CEC768DEBA7}.Debug|Any CPU.Build.0 = Debug|Any CPU
		{5441574E-BACC-49C2-8401-6CEC768DEBA7}.Release|Any CPU.ActiveCfg = Release|Any CPU
		{5441574E-BACC-49C2-8401-6CEC768DEBA7}.Release|Any CPU.Build.0 = Release|Any CPU
		{69308E1B-303E-41B7-AB82-750A83D3BBCF}.Debug|Any CPU.ActiveCfg = Debug|Any CPU
		{69308E1B-303E-41B7-AB82-750A83D3BBCF}.Debug|Any CPU.Build.0 = Debug|Any CPU
		{69308E1B-303E-41B7-AB82-750A83D3BBCF}.Release|Any CPU.ActiveCfg = Release|Any CPU
		{69308E1B-303E-41B7-AB82-750A83D3BBCF}.Release|Any CPU.Build.0 = Release|Any CPU
	EndGlobalSection
	GlobalSection(SolutionProperties) = preSolution
		HideSolutionNode = FALSE
	EndGlobalSection
	GlobalSection(ExtensibilityGlobals) = postSolution
		SolutionGuid = {E7328CF6-35C4-4E15-80D2-9B55F925362C}
	EndGlobalSection
EndGlobal
