
Microsoft Visual Studio Solution File, Format Version 12.00
# Visual Studio Version 17
VisualStudioVersion = 17.8.34322.80
MinimumVisualStudioVersion = 10.0.40219.1
Project("{9A19103F-16F7-4668-BE54-9A1E7A4F7556}") = "01_SameValues", "01_SameValues\01_SameValues.csproj", "{AEA999FB-34B4-4E6C-A4B2-C9D611B5EAE7}"
EndProject
Project("{9A19103F-16F7-4668-BE54-9A1E7A4F7556}") = "02_AverageStudentGrades", "02_AverageStudentGrades\02_AverageStudentGrades.csproj", "{13B18F95-95CA-4A87-B486-F2D7D61AD65F}"
EndProject
Project("{9A19103F-16F7-4668-BE54-9A1E7A4F7556}") = "03_ProductShop", "03_ProductShop\03_ProductShop.csproj", "{7949DA15-A02B-4691-BA0C-B665081C67BF}"
EndProject
Project("{9A19103F-16F7-4668-BE54-9A1E7A4F7556}") = "04_Cities", "04_Cities\04_Cities.csproj", "{AD7A31BE-F46D-475D-B923-30F721EF260A}"
EndProject
Project("{9A19103F-16F7-4668-BE54-9A1E7A4F7556}") = "05_6ParkingLot", "05_6ParkingLot\05_6ParkingLot.csproj", "{55388374-1EBA-4B15-8980-D9DEB8931DE1}"
EndProject
Project("{9A19103F-16F7-4668-BE54-9A1E7A4F7556}") = "06_ParkigLot", "06_ParkigLot\06_ParkigLot.csproj", "{FAEC6B77-84BB-48F3-9A6F-BBB696041164}"
EndProject
Project("{9A19103F-16F7-4668-BE54-9A1E7A4F7556}") = "07_SoftUniParty", "07_SoftUniParty\07_SoftUniParty.csproj", "{41BE3BCA-5E47-4841-8562-35D71E564F83}"
EndProject
Project("{9A19103F-16F7-4668-BE54-9A1E7A4F7556}") = "08_CitiesByCountries", "08_CitiesByCountries\08_CitiesByCountries.csproj", "{63C3EFEF-6514-4148-8B4D-BE709CA4A31B}"
EndProject
Project("{9A19103F-16F7-4668-BE54-9A1E7A4F7556}") = "09_UniqueUsernames", "09_UniqueUsernames\09_UniqueUsernames.csproj", "{3EC21818-93C1-4D4D-8099-CE797B82CB29}"
EndProject
Project("{9A19103F-16F7-4668-BE54-9A1E7A4F7556}") = "10_SetsOfElements", "10_SetsOfElements\10_SetsOfElements.csproj", "{4763D03E-B4ED-4CD8-84EE-B0A54D5C33F0}"
EndProject
Project("{9A19103F-16F7-4668-BE54-9A1E7A4F7556}") = "11_PeriodicTable", "11_PeriodicTable\11_PeriodicTable.csproj", "{3C508FA8-C2B5-43DC-8F32-DEB979167359}"
EndProject
Project("{FAE04EC0-301F-11D3-BF4B-00C04F79EFBC}") = "12_EvenTimes", "12_EvenTimes\12_EvenTimes.csproj", "{84D998D0-B7CF-4F2B-91DC-E5AAF4FE3DA9}"
EndProject
Project("{FAE04EC0-301F-11D3-BF4B-00C04F79EFBC}") = "13_Count_Symbols", "13_Count_Symbols\13_Count_Symbols.csproj", "{193448A0-D05E-42BC-9D18-D94DD6CB030A}"
EndProject
Project("{FAE04EC0-301F-11D3-BF4B-00C04F79EFBC}") = "14_Wardrobe", "14_Wardrobe\14_Wardrobe.csproj", "{D7A1999B-B63B-4D19-8D48-3B6957278D4E}"
EndProject
Project("{FAE04EC0-301F-11D3-BF4B-00C04F79EFBC}") = "15_TheV-Logger", "15_TheV-Logger\15_TheV-Logger.csproj", "{05848D1A-FDD3-4025-9215-8159704955CE}"
EndProject
Project("{FAE04EC0-301F-11D3-BF4B-00C04F79EFBC}") = "16_The-V-logger2", "16_The-V-logger2\16_The-V-logger2.csproj", "{28CB591B-85A3-479C-84F2-07B7749D215D}"
EndProject
Project("{FAE04EC0-301F-11D3-BF4B-00C04F79EFBC}") = "17_Ranking", "17_Ranking\17_Ranking.csproj", "{F2D8564E-EA1B-4EEB-B6EF-F2D9BBCEE807}"
EndProject
Project("{FAE04EC0-301F-11D3-BF4B-00C04F79EFBC}") = "18_SoftUniExamResults", "18_SoftUniExamResults\18_SoftUniExamResults.csproj", "{67566A1D-2EB9-49E2-BADC-9CFB1F59BC86}"
EndProject
Project("{FAE04EC0-301F-11D3-BF4B-00C04F79EFBC}") = "19_ForceBook", "19_ForceBook\19_ForceBook.csproj", "{EBCF953A-858C-49E4-A344-F910F2AD47A4}"
EndProject
Global
	GlobalSection(SolutionConfigurationPlatforms) = preSolution
		Debug|Any CPU = Debug|Any CPU
		Release|Any CPU = Release|Any CPU
	EndGlobalSection
	GlobalSection(ProjectConfigurationPlatforms) = postSolution
		{AEA999FB-34B4-4E6C-A4B2-C9D611B5EAE7}.Debug|Any CPU.ActiveCfg = Debug|Any CPU
		{AEA999FB-34B4-4E6C-A4B2-C9D611B5EAE7}.Debug|Any CPU.Build.0 = Debug|Any CPU
		{AEA999FB-34B4-4E6C-A4B2-C9D611B5EAE7}.Release|Any CPU.ActiveCfg = Release|Any CPU
		{AEA999FB-34B4-4E6C-A4B2-C9D611B5EAE7}.Release|Any CPU.Build.0 = Release|Any CPU
		{13B18F95-95CA-4A87-B486-F2D7D61AD65F}.Debug|Any CPU.ActiveCfg = Debug|Any CPU
		{13B18F95-95CA-4A87-B486-F2D7D61AD65F}.Debug|Any CPU.Build.0 = Debug|Any CPU
		{13B18F95-95CA-4A87-B486-F2D7D61AD65F}.Release|Any CPU.ActiveCfg = Release|Any CPU
		{13B18F95-95CA-4A87-B486-F2D7D61AD65F}.Release|Any CPU.Build.0 = Release|Any CPU
		{7949DA15-A02B-4691-BA0C-B665081C67BF}.Debug|Any CPU.ActiveCfg = Debug|Any CPU
		{7949DA15-A02B-4691-BA0C-B665081C67BF}.Debug|Any CPU.Build.0 = Debug|Any CPU
		{7949DA15-A02B-4691-BA0C-B665081C67BF}.Release|Any CPU.ActiveCfg = Release|Any CPU
		{7949DA15-A02B-4691-BA0C-B665081C67BF}.Release|Any CPU.Build.0 = Release|Any CPU
		{AD7A31BE-F46D-475D-B923-30F721EF260A}.Debug|Any CPU.ActiveCfg = Debug|Any CPU
		{AD7A31BE-F46D-475D-B923-30F721EF260A}.Debug|Any CPU.Build.0 = Debug|Any CPU
		{AD7A31BE-F46D-475D-B923-30F721EF260A}.Release|Any CPU.ActiveCfg = Release|Any CPU
		{AD7A31BE-F46D-475D-B923-30F721EF260A}.Release|Any CPU.Build.0 = Release|Any CPU
		{55388374-1EBA-4B15-8980-D9DEB8931DE1}.Debug|Any CPU.ActiveCfg = Debug|Any CPU
		{55388374-1EBA-4B15-8980-D9DEB8931DE1}.Debug|Any CPU.Build.0 = Debug|Any CPU
		{55388374-1EBA-4B15-8980-D9DEB8931DE1}.Release|Any CPU.ActiveCfg = Release|Any CPU
		{55388374-1EBA-4B15-8980-D9DEB8931DE1}.Release|Any CPU.Build.0 = Release|Any CPU
		{FAEC6B77-84BB-48F3-9A6F-BBB696041164}.Debug|Any CPU.ActiveCfg = Debug|Any CPU
		{FAEC6B77-84BB-48F3-9A6F-BBB696041164}.Debug|Any CPU.Build.0 = Debug|Any CPU
		{FAEC6B77-84BB-48F3-9A6F-BBB696041164}.Release|Any CPU.ActiveCfg = Release|Any CPU
		{FAEC6B77-84BB-48F3-9A6F-BBB696041164}.Release|Any CPU.Build.0 = Release|Any CPU
		{41BE3BCA-5E47-4841-8562-35D71E564F83}.Debug|Any CPU.ActiveCfg = Debug|Any CPU
		{41BE3BCA-5E47-4841-8562-35D71E564F83}.Debug|Any CPU.Build.0 = Debug|Any CPU
		{41BE3BCA-5E47-4841-8562-35D71E564F83}.Release|Any CPU.ActiveCfg = Release|Any CPU
		{41BE3BCA-5E47-4841-8562-35D71E564F83}.Release|Any CPU.Build.0 = Release|Any CPU
		{63C3EFEF-6514-4148-8B4D-BE709CA4A31B}.Debug|Any CPU.ActiveCfg = Debug|Any CPU
		{63C3EFEF-6514-4148-8B4D-BE709CA4A31B}.Debug|Any CPU.Build.0 = Debug|Any CPU
		{63C3EFEF-6514-4148-8B4D-BE709CA4A31B}.Release|Any CPU.ActiveCfg = Release|Any CPU
		{63C3EFEF-6514-4148-8B4D-BE709CA4A31B}.Release|Any CPU.Build.0 = Release|Any CPU
		{3EC21818-93C1-4D4D-8099-CE797B82CB29}.Debug|Any CPU.ActiveCfg = Debug|Any CPU
		{3EC21818-93C1-4D4D-8099-CE797B82CB29}.Debug|Any CPU.Build.0 = Debug|Any CPU
		{3EC21818-93C1-4D4D-8099-CE797B82CB29}.Release|Any CPU.ActiveCfg = Release|Any CPU
		{3EC21818-93C1-4D4D-8099-CE797B82CB29}.Release|Any CPU.Build.0 = Release|Any CPU
		{4763D03E-B4ED-4CD8-84EE-B0A54D5C33F0}.Debug|Any CPU.ActiveCfg = Debug|Any CPU
		{4763D03E-B4ED-4CD8-84EE-B0A54D5C33F0}.Debug|Any CPU.Build.0 = Debug|Any CPU
		{4763D03E-B4ED-4CD8-84EE-B0A54D5C33F0}.Release|Any CPU.ActiveCfg = Release|Any CPU
		{4763D03E-B4ED-4CD8-84EE-B0A54D5C33F0}.Release|Any CPU.Build.0 = Release|Any CPU
		{3C508FA8-C2B5-43DC-8F32-DEB979167359}.Debug|Any CPU.ActiveCfg = Debug|Any CPU
		{3C508FA8-C2B5-43DC-8F32-DEB979167359}.Debug|Any CPU.Build.0 = Debug|Any CPU
		{3C508FA8-C2B5-43DC-8F32-DEB979167359}.Release|Any CPU.ActiveCfg = Release|Any CPU
		{3C508FA8-C2B5-43DC-8F32-DEB979167359}.Release|Any CPU.Build.0 = Release|Any CPU
		{84D998D0-B7CF-4F2B-91DC-E5AAF4FE3DA9}.Debug|Any CPU.ActiveCfg = Debug|Any CPU
		{84D998D0-B7CF-4F2B-91DC-E5AAF4FE3DA9}.Debug|Any CPU.Build.0 = Debug|Any CPU
		{84D998D0-B7CF-4F2B-91DC-E5AAF4FE3DA9}.Release|Any CPU.ActiveCfg = Release|Any CPU
		{84D998D0-B7CF-4F2B-91DC-E5AAF4FE3DA9}.Release|Any CPU.Build.0 = Release|Any CPU
		{193448A0-D05E-42BC-9D18-D94DD6CB030A}.Debug|Any CPU.ActiveCfg = Debug|Any CPU
		{193448A0-D05E-42BC-9D18-D94DD6CB030A}.Debug|Any CPU.Build.0 = Debug|Any CPU
		{193448A0-D05E-42BC-9D18-D94DD6CB030A}.Release|Any CPU.ActiveCfg = Release|Any CPU
		{193448A0-D05E-42BC-9D18-D94DD6CB030A}.Release|Any CPU.Build.0 = Release|Any CPU
		{D7A1999B-B63B-4D19-8D48-3B6957278D4E}.Debug|Any CPU.ActiveCfg = Debug|Any CPU
		{D7A1999B-B63B-4D19-8D48-3B6957278D4E}.Debug|Any CPU.Build.0 = Debug|Any CPU
		{D7A1999B-B63B-4D19-8D48-3B6957278D4E}.Release|Any CPU.ActiveCfg = Release|Any CPU
		{D7A1999B-B63B-4D19-8D48-3B6957278D4E}.Release|Any CPU.Build.0 = Release|Any CPU
		{05848D1A-FDD3-4025-9215-8159704955CE}.Debug|Any CPU.ActiveCfg = Debug|Any CPU
		{05848D1A-FDD3-4025-9215-8159704955CE}.Debug|Any CPU.Build.0 = Debug|Any CPU
		{05848D1A-FDD3-4025-9215-8159704955CE}.Release|Any CPU.ActiveCfg = Release|Any CPU
		{05848D1A-FDD3-4025-9215-8159704955CE}.Release|Any CPU.Build.0 = Release|Any CPU
		{28CB591B-85A3-479C-84F2-07B7749D215D}.Debug|Any CPU.ActiveCfg = Debug|Any CPU
		{28CB591B-85A3-479C-84F2-07B7749D215D}.Debug|Any CPU.Build.0 = Debug|Any CPU
		{28CB591B-85A3-479C-84F2-07B7749D215D}.Release|Any CPU.ActiveCfg = Release|Any CPU
		{28CB591B-85A3-479C-84F2-07B7749D215D}.Release|Any CPU.Build.0 = Release|Any CPU
		{F2D8564E-EA1B-4EEB-B6EF-F2D9BBCEE807}.Debug|Any CPU.ActiveCfg = Debug|Any CPU
		{F2D8564E-EA1B-4EEB-B6EF-F2D9BBCEE807}.Debug|Any CPU.Build.0 = Debug|Any CPU
		{F2D8564E-EA1B-4EEB-B6EF-F2D9BBCEE807}.Release|Any CPU.ActiveCfg = Release|Any CPU
		{F2D8564E-EA1B-4EEB-B6EF-F2D9BBCEE807}.Release|Any CPU.Build.0 = Release|Any CPU
		{67566A1D-2EB9-49E2-BADC-9CFB1F59BC86}.Debug|Any CPU.ActiveCfg = Debug|Any CPU
		{67566A1D-2EB9-49E2-BADC-9CFB1F59BC86}.Debug|Any CPU.Build.0 = Debug|Any CPU
		{67566A1D-2EB9-49E2-BADC-9CFB1F59BC86}.Release|Any CPU.ActiveCfg = Release|Any CPU
		{67566A1D-2EB9-49E2-BADC-9CFB1F59BC86}.Release|Any CPU.Build.0 = Release|Any CPU
		{EBCF953A-858C-49E4-A344-F910F2AD47A4}.Debug|Any CPU.ActiveCfg = Debug|Any CPU
		{EBCF953A-858C-49E4-A344-F910F2AD47A4}.Debug|Any CPU.Build.0 = Debug|Any CPU
		{EBCF953A-858C-49E4-A344-F910F2AD47A4}.Release|Any CPU.ActiveCfg = Release|Any CPU
		{EBCF953A-858C-49E4-A344-F910F2AD47A4}.Release|Any CPU.Build.0 = Release|Any CPU
	EndGlobalSection
	GlobalSection(SolutionProperties) = preSolution
		HideSolutionNode = FALSE
	EndGlobalSection
	GlobalSection(ExtensibilityGlobals) = postSolution
		SolutionGuid = {49555B50-E084-4D08-9804-91AE08B9B23C}
	EndGlobalSection
EndGlobal
