
Microsoft Visual Studio Solution File, Format Version 12.00
# Visual Studio Version 17
VisualStudioVersion = 17.8.34322.80
MinimumVisualStudioVersion = 10.0.40219.1
Project("{FAE04EC0-301F-11D3-BF4B-00C04F79EFBC}") = "MyAspNetApp", "MyAspNetApp\MyAspNetApp.csproj", "{4BB9E0CD-F463-497F-A8C7-E49BE455D85F}"
EndProject
Global
	GlobalSection(SolutionConfigurationPlatforms) = preSolution
		Debug|Any CPU = Debug|Any CPU
		Release|Any CPU = Release|Any CPU
	EndGlobalSection
	GlobalSection(ProjectConfigurationPlatforms) = postSolution
		{4BB9E0CD-F463-497F-A8C7-E49BE455D85F}.Debug|Any CPU.ActiveCfg = Debug|Any CPU
		{4BB9E0CD-F463-497F-A8C7-E49BE455D85F}.Debug|Any CPU.Build.0 = Debug|Any CPU
		{4BB9E0CD-F463-497F-A8C7-E49BE455D85F}.Release|Any CPU.ActiveCfg = Release|Any CPU
		{4BB9E0CD-F463-497F-A8C7-E49BE455D85F}.Release|Any CPU.Build.0 = Release|Any CPU
	EndGlobalSection
	GlobalSection(SolutionProperties) = preSolution
		HideSolutionNode = FALSE
	EndGlobalSection
	GlobalSection(ExtensibilityGlobals) = postSolution
		SolutionGuid = {6AEAB085-EA22-45DA-93B2-B7F73EF2A05B}
	EndGlobalSection
EndGlobal
